
Microsoft Visual Studio Solution File, Format Version 12.00
# Visual Studio Version 17
VisualStudioVersion = 17.9.34701.34
MinimumVisualStudioVersion = 10.0.40219.1
Project("{9A19103F-16F7-4668-BE54-9A1E7A4F7556}") = "booklikbrary", "..\booklikbrary\booklikbrary\booklikbrary.csproj", "{77E3EB4E-4137-480F-8A76-3AB87AF6C70F}"
EndProject
Project("{9A19103F-16F7-4668-BE54-9A1E7A4F7556}") = "booklibraryBL", "booklibraryBL\booklibraryBL.csproj", "{AA067B11-698B-415F-BA12-FED3D1EE61D5}"
EndProject
Global
	GlobalSection(SolutionConfigurationPlatforms) = preSolution
		Debug|Any CPU = Debug|Any CPU
		Release|Any CPU = Release|Any CPU
	EndGlobalSection
	GlobalSection(ProjectConfigurationPlatforms) = postSolution
		{77E3EB4E-4137-480F-8A76-3AB87AF6C70F}.Debug|Any CPU.ActiveCfg = Debug|Any CPU
		{77E3EB4E-4137-480F-8A76-3AB87AF6C70F}.Debug|Any CPU.Build.0 = Debug|Any CPU
		{77E3EB4E-4137-480F-8A76-3AB87AF6C70F}.Release|Any CPU.ActiveCfg = Release|Any CPU
		{77E3EB4E-4137-480F-8A76-3AB87AF6C70F}.Release|Any CPU.Build.0 = Release|Any CPU
		{AA067B11-698B-415F-BA12-FED3D1EE61D5}.Debug|Any CPU.ActiveCfg = Debug|Any CPU
		{AA067B11-698B-415F-BA12-FED3D1EE61D5}.Debug|Any CPU.Build.0 = Debug|Any CPU
		{AA067B11-698B-415F-BA12-FED3D1EE61D5}.Release|Any CPU.ActiveCfg = Release|Any CPU
		{AA067B11-698B-415F-BA12-FED3D1EE61D5}.Release|Any CPU.Build.0 = Release|Any CPU
	EndGlobalSection
	GlobalSection(SolutionProperties) = preSolution
		HideSolutionNode = FALSE
	EndGlobalSection
	GlobalSection(ExtensibilityGlobals) = postSolution
		SolutionGuid = {9C638FA2-29C6-4BAB-8F08-80D122DAB7E3}
	EndGlobalSection
EndGlobal
